
Microsoft Visual Studio Solution File, Format Version 12.00
# Visual Studio Version 17
VisualStudioVersion = 17.4.33213.308
MinimumVisualStudioVersion = 10.0.40219.1
Project("{FAE04EC0-301F-11D3-BF4B-00C04F79EFBC}") = "DjBreakTimer", "DjBreakTimer\DjBreakTimer.csproj", "{6BCF0E06-F68C-479E-B966-C1C153485D1B}"
EndProject
Global
	GlobalSection(SolutionConfigurationPlatforms) = preSolution
		Debug|Any CPU = Debug|Any CPU
		Release|Any CPU = Release|Any CPU
	EndGlobalSection
	GlobalSection(ProjectConfigurationPlatforms) = postSolution
		{6BCF0E06-F68C-479E-B966-C1C153485D1B}.Debug|Any CPU.ActiveCfg = Debug|Any CPU
		{6BCF0E06-F68C-479E-B966-C1C153485D1B}.Debug|Any CPU.Build.0 = Debug|Any CPU
		{6BCF0E06-F68C-479E-B966-C1C153485D1B}.Release|Any CPU.ActiveCfg = Release|Any CPU
		{6BCF0E06-F68C-479E-B966-C1C153485D1B}.Release|Any CPU.Build.0 = Release|Any CPU
	EndGlobalSection
	GlobalSection(SolutionProperties) = preSolution
		HideSolutionNode = FALSE
	EndGlobalSection
	GlobalSection(ExtensibilityGlobals) = postSolution
		SolutionGuid = {52DA87C1-6E43-47A2-9EF7-798AEF8F2943}
	EndGlobalSection
EndGlobal
